// !$*UTF8*$!
{
	archiveVersion = 1;
	classes = {
	};
	objectVersion = 46;
	objects = {

/* Begin PBXBuildFile section */
		756948671D87426D0070910F /* main.m in Sources */ = {isa = PBXBuildFile; fileRef = 756948661D87426D0070910F /* main.m */; };
		7569486A1D87426D0070910F /* AppDelegate.m in Sources */ = {isa = PBXBuildFile; fileRef = 756948691D87426D0070910F /* AppDelegate.m */; };
		7569486D1D87426D0070910F /* ViewController.m in Sources */ = {isa = PBXBuildFile; fileRef = 7569486C1D87426D0070910F /* ViewController.m */; };
		756948701D87426D0070910F /* Main.storyboard in Resources */ = {isa = PBXBuildFile; fileRef = 7569486E1D87426D0070910F /* Main.storyboard */; };
		756948721D87426D0070910F /* Assets.xcassets in Resources */ = {isa = PBXBuildFile; fileRef = 756948711D87426D0070910F /* Assets.xcassets */; };
		756948751D87426D0070910F /* LaunchScreen.storyboard in Resources */ = {isa = PBXBuildFile; fileRef = 756948731D87426D0070910F /* LaunchScreen.storyboard */; };
		756948801D87426D0070910F /* Tip_CalculatorTests.m in Sources */ = {isa = PBXBuildFile; fileRef = 7569487F1D87426D0070910F /* Tip_CalculatorTests.m */; };
		7569488B1D87426D0070910F /* Tip_CalculatorUITests.m in Sources */ = {isa = PBXBuildFile; fileRef = 7569488A1D87426D0070910F /* Tip_CalculatorUITests.m */; };
		7569489A1D874D6B0070910F /* SettingViewController.m in Sources */ = {isa = PBXBuildFile; fileRef = 756948991D874D6B0070910F /* SettingViewController.m */; };
		7569489D1D874EA90070910F /* UserStore.m in Sources */ = {isa = PBXBuildFile; fileRef = 7569489C1D874EA90070910F /* UserStore.m */; };
/* End PBXBuildFile section */

/* Begin PBXContainerItemProxy section */
		7569487C1D87426D0070910F /* PBXContainerItemProxy */ = {
			isa = PBXContainerItemProxy;
			containerPortal = 7569485A1D87426D0070910F /* Project object */;
			proxyType = 1;
			remoteGlobalIDString = 756948611D87426D0070910F;
			remoteInfo = "Tip Calculator";
		};
		756948871D87426D0070910F /* PBXContainerItemProxy */ = {
			isa = PBXContainerItemProxy;
			containerPortal = 7569485A1D87426D0070910F /* Project object */;
			proxyType = 1;
			remoteGlobalIDString = 756948611D87426D0070910F;
			remoteInfo = "Tip Calculator";
		};
/* End PBXContainerItemProxy section */

/* Begin PBXFileReference section */
		756948621D87426D0070910F /* Tip Calculator.app */ = {isa = PBXFileReference; explicitFileType = wrapper.application; includeInIndex = 0; path = "Tip Calculator.app"; sourceTree = BUILT_PRODUCTS_DIR; };
		756948661D87426D0070910F /* main.m */ = {isa = PBXFileReference; lastKnownFileType = sourcecode.c.objc; path = main.m; sourceTree = "<group>"; };
		756948681D87426D0070910F /* AppDelegate.h */ = {isa = PBXFileReference; lastKnownFileType = sourcecode.c.h; path = AppDelegate.h; sourceTree = "<group>"; };
		756948691D87426D0070910F /* AppDelegate.m */ = {isa = PBXFileReference; lastKnownFileType = sourcecode.c.objc; path = AppDelegate.m; sourceTree = "<group>"; };
		7569486B1D87426D0070910F /* ViewController.h */ = {isa = PBXFileReference; lastKnownFileType = sourcecode.c.h; path = ViewController.h; sourceTree = "<group>"; };
		7569486C1D87426D0070910F /* ViewController.m */ = {isa = PBXFileReference; lastKnownFileType = sourcecode.c.objc; path = ViewController.m; sourceTree = "<group>"; };
		7569486F1D87426D0070910F /* Base */ = {isa = PBXFileReference; lastKnownFileType = file.storyboard; name = Base; path = Base.lproj/Main.storyboard; sourceTree = "<group>"; };
		756948711D87426D0070910F /* Assets.xcassets */ = {isa = PBXFileReference; lastKnownFileType = folder.assetcatalog; path = Assets.xcassets; sourceTree = "<group>"; };
		756948741D87426D0070910F /* Base */ = {isa = PBXFileReference; lastKnownFileType = file.storyboard; name = Base; path = Base.lproj/LaunchScreen.storyboard; sourceTree = "<group>"; };
		756948761D87426D0070910F /* Info.plist */ = {isa = PBXFileReference; lastKnownFileType = text.plist.xml; path = Info.plist; sourceTree = "<group>"; };
		7569487B1D87426D0070910F /* Tip CalculatorTests.xctest */ = {isa = PBXFileReference; explicitFileType = wrapper.cfbundle; includeInIndex = 0; path = "Tip CalculatorTests.xctest"; sourceTree = BUILT_PRODUCTS_DIR; };
		7569487F1D87426D0070910F /* Tip_CalculatorTests.m */ = {isa = PBXFileReference; lastKnownFileType = sourcecode.c.objc; path = Tip_CalculatorTests.m; sourceTree = "<group>"; };
		756948811D87426D0070910F /* Info.plist */ = {isa = PBXFileReference; lastKnownFileType = text.plist.xml; path = Info.plist; sourceTree = "<group>"; };
		756948861D87426D0070910F /* Tip CalculatorUITests.xctest */ = {isa = PBXFileReference; explicitFileType = wrapper.cfbundle; includeInIndex = 0; path = "Tip CalculatorUITests.xctest"; sourceTree = BUILT_PRODUCTS_DIR; };
		7569488A1D87426D0070910F /* Tip_CalculatorUITests.m */ = {isa = PBXFileReference; lastKnownFileType = sourcecode.c.objc; path = Tip_CalculatorUITests.m; sourceTree = "<group>"; };
		7569488C1D87426D0070910F /* Info.plist */ = {isa = PBXFileReference; lastKnownFileType = text.plist.xml; path = Info.plist; sourceTree = "<group>"; };
		756948981D874D6B0070910F /* SettingViewController.h */ = {isa = PBXFileReference; fileEncoding = 4; lastKnownFileType = sourcecode.c.h; path = SettingViewController.h; sourceTree = "<group>"; };
		756948991D874D6B0070910F /* SettingViewController.m */ = {isa = PBXFileReference; fileEncoding = 4; lastKnownFileType = sourcecode.c.objc; path = SettingViewController.m; sourceTree = "<group>"; };
		7569489B1D874EA90070910F /* UserStore.h */ = {isa = PBXFileReference; fileEncoding = 4; lastKnownFileType = sourcecode.c.h; path = UserStore.h; sourceTree = "<group>"; };
		7569489C1D874EA90070910F /* UserStore.m */ = {isa = PBXFileReference; fileEncoding = 4; lastKnownFileType = sourcecode.c.objc; path = UserStore.m; sourceTree = "<group>"; };
/* End PBXFileReference section */

/* Begin PBXFrameworksBuildPhase section */
		7569485F1D87426D0070910F /* Frameworks */ = {
			isa = PBXFrameworksBuildPhase;
			buildActionMask = 2147483647;
			files = (
			);
			runOnlyForDeploymentPostprocessing = 0;
		};
		756948781D87426D0070910F /* Frameworks */ = {
			isa = PBXFrameworksBuildPhase;
			buildActionMask = 2147483647;
			files = (
			);
			runOnlyForDeploymentPostprocessing = 0;
		};
		756948831D87426D0070910F /* Frameworks */ = {
			isa = PBXFrameworksBuildPhase;
			buildActionMask = 2147483647;
			files = (
			);
			runOnlyForDeploymentPostprocessing = 0;
		};
/* End PBXFrameworksBuildPhase section */

/* Begin PBXGroup section */
		756948591D87426D0070910F = {
			isa = PBXGroup;
			children = (
				756948641D87426D0070910F /* Tip Calculator */,
				7569487E1D87426D0070910F /* Tip CalculatorTests */,
				756948891D87426D0070910F /* Tip CalculatorUITests */,
				756948631D87426D0070910F /* Products */,
			);
			sourceTree = "<group>";
		};
		756948631D87426D0070910F /* Products */ = {
			isa = PBXGroup;
			children = (
				756948621D87426D0070910F /* Tip Calculator.app */,
				7569487B1D87426D0070910F /* Tip CalculatorTests.xctest */,
				756948861D87426D0070910F /* Tip CalculatorUITests.xctest */,
			);
			name = Products;
			sourceTree = "<group>";
		};
		756948641D87426D0070910F /* Tip Calculator */ = {
			isa = PBXGroup;
			children = (
				756948681D87426D0070910F /* AppDelegate.h */,
				756948691D87426D0070910F /* AppDelegate.m */,
				7569486B1D87426D0070910F /* ViewController.h */,
				7569486C1D87426D0070910F /* ViewController.m */,
				7569486E1D87426D0070910F /* Main.storyboard */,
				756948711D87426D0070910F /* Assets.xcassets */,
				756948731D87426D0070910F /* LaunchScreen.storyboard */,
				756948761D87426D0070910F /* Info.plist */,
				756948651D87426D0070910F /* Supporting Files */,
				756948981D874D6B0070910F /* SettingViewController.h */,
				756948991D874D6B0070910F /* SettingViewController.m */,
				7569489B1D874EA90070910F /* UserStore.h */,
				7569489C1D874EA90070910F /* UserStore.m */,
			);
			path = "Tip Calculator";
			sourceTree = "<group>";
		};
		756948651D87426D0070910F /* Supporting Files */ = {
			isa = PBXGroup;
			children = (
				756948661D87426D0070910F /* main.m */,
			);
			name = "Supporting Files";
			sourceTree = "<group>";
		};
		7569487E1D87426D0070910F /* Tip CalculatorTests */ = {
			isa = PBXGroup;
			children = (
				7569487F1D87426D0070910F /* Tip_CalculatorTests.m */,
				756948811D87426D0070910F /* Info.plist */,
			);
			path = "Tip CalculatorTests";
			sourceTree = "<group>";
		};
		756948891D87426D0070910F /* Tip CalculatorUITests */ = {
			isa = PBXGroup;
			children = (
				7569488A1D87426D0070910F /* Tip_CalculatorUITests.m */,
				7569488C1D87426D0070910F /* Info.plist */,
			);
			path = "Tip CalculatorUITests";
			sourceTree = "<group>";
		};
/* End PBXGroup section */

/* Begin PBXNativeTarget section */
		756948611D87426D0070910F /* Tip Calculator */ = {
			isa = PBXNativeTarget;
			buildConfigurationList = 7569488F1D87426D0070910F /* Build configuration list for PBXNativeTarget "Tip Calculator" */;
			buildPhases = (
				7569485E1D87426D0070910F /* Sources */,
				7569485F1D87426D0070910F /* Frameworks */,
				756948601D87426D0070910F /* Resources */,
			);
			buildRules = (
			);
			dependencies = (
			);
			name = "Tip Calculator";
			productName = "Tip Calculator";
			productReference = 756948621D87426D0070910F /* Tip Calculator.app */;
			productType = "com.apple.product-type.application";
		};
		7569487A1D87426D0070910F /* Tip CalculatorTests */ = {
			isa = PBXNativeTarget;
			buildConfigurationList = 756948921D87426D0070910F /* Build configuration list for PBXNativeTarget "Tip CalculatorTests" */;
			buildPhases = (
				756948771D87426D0070910F /* Sources */,
				756948781D87426D0070910F /* Frameworks */,
				756948791D87426D0070910F /* Resources */,
			);
			buildRules = (
			);
			dependencies = (
				7569487D1D87426D0070910F /* PBXTargetDependency */,
			);
			name = "Tip CalculatorTests";
			productName = "Tip CalculatorTests";
			productReference = 7569487B1D87426D0070910F /* Tip CalculatorTests.xctest */;
			productType = "com.apple.product-type.bundle.unit-test";
		};
		756948851D87426D0070910F /* Tip CalculatorUITests */ = {
			isa = PBXNativeTarget;
			buildConfigurationList = 756948951D87426D0070910F /* Build configuration list for PBXNativeTarget "Tip CalculatorUITests" */;
			buildPhases = (
				756948821D87426D0070910F /* Sources */,
				756948831D87426D0070910F /* Frameworks */,
				756948841D87426D0070910F /* Resources */,
			);
			buildRules = (
			);
			dependencies = (
				756948881D87426D0070910F /* PBXTargetDependency */,
			);
			name = "Tip CalculatorUITests";
			productName = "Tip CalculatorUITests";
			productReference = 756948861D87426D0070910F /* Tip CalculatorUITests.xctest */;
			productType = "com.apple.product-type.bundle.ui-testing";
		};
/* End PBXNativeTarget section */

/* Begin PBXProject section */
		7569485A1D87426D0070910F /* Project object */ = {
			isa = PBXProject;
			attributes = {
				LastUpgradeCheck = 0730;
				ORGANIZATIONNAME = "Yanfeng Ma";
				TargetAttributes = {
					756948611D87426D0070910F = {
						CreatedOnToolsVersion = 7.3.1;
						DevelopmentTeam = 2A2M3NGPZ6;
					};
					7569487A1D87426D0070910F = {
						CreatedOnToolsVersion = 7.3.1;
						DevelopmentTeam = 2A2M3NGPZ6;
						TestTargetID = 756948611D87426D0070910F;
					};
					756948851D87426D0070910F = {
						CreatedOnToolsVersion = 7.3.1;
						DevelopmentTeam = 2A2M3NGPZ6;
						TestTargetID = 756948611D87426D0070910F;
					};
				};
			};
			buildConfigurationList = 7569485D1D87426D0070910F /* Build configuration list for PBXProject "Tip Calculator" */;
			compatibilityVersion = "Xcode 3.2";
			developmentRegion = English;
			hasScannedForEncodings = 0;
			knownRegions = (
				en,
				Base,
			);
			mainGroup = 756948591D87426D0070910F;
			productRefGroup = 756948631D87426D0070910F /* Products */;
			projectDirPath = "";
			projectRoot = "";
			targets = (
				756948611D87426D0070910F /* Tip Calculator */,
				7569487A1D87426D0070910F /* Tip CalculatorTests */,
				756948851D87426D0070910F /* Tip CalculatorUITests */,
			);
		};
/* End PBXProject section */

/* Begin PBXResourcesBuildPhase section */
		756948601D87426D0070910F /* Resources */ = {
			isa = PBXResourcesBuildPhase;
			buildActionMask = 2147483647;
			files = (
				756948751D87426D0070910F /* LaunchScreen.storyboard in Resources */,
				756948721D87426D0070910F /* Assets.xcassets in Resources */,
				756948701D87426D0070910F /* Main.storyboard in Resources */,
			);
			runOnlyForDeploymentPostprocessing = 0;
		};
		756948791D87426D0070910F /* Resources */ = {
			isa = PBXResourcesBuildPhase;
			buildActionMask = 2147483647;
			files = (
			);
			runOnlyForDeploymentPostprocessing = 0;
		};
		756948841D87426D0070910F /* Resources */ = {
			isa = PBXResourcesBuildPhase;
			buildActionMask = 2147483647;
			files = (
			);
			runOnlyForDeploymentPostprocessing = 0;
		};
/* End PBXResourcesBuildPhase section */

/* Begin PBXSourcesBuildPhase section */
		7569485E1D87426D0070910F /* Sources */ = {
			isa = PBXSourcesBuildPhase;
			buildActionMask = 2147483647;
			files = (
				7569489D1D874EA90070910F /* UserStore.m in Sources */,
				7569486D1D87426D0070910F /* ViewController.m in Sources */,
				7569486A1D87426D0070910F /* AppDelegate.m in Sources */,
				756948671D87426D0070910F /* main.m in Sources */,
				7569489A1D874D6B0070910F /* SettingViewController.m in Sources */,
			);
			runOnlyForDeploymentPostprocessing = 0;
		};
		756948771D87426D0070910F /* Sources */ = {
			isa = PBXSourcesBuildPhase;
			buildActionMask = 2147483647;
			files = (
				756948801D87426D0070910F /* Tip_CalculatorTests.m in Sources */,
			);
			runOnlyForDeploymentPostprocessing = 0;
		};
		756948821D87426D0070910F /* Sources */ = {
			isa = PBXSourcesBuildPhase;
			buildActionMask = 2147483647;
			files = (
				7569488B1D87426D0070910F /* Tip_CalculatorUITests.m in Sources */,
			);
			runOnlyForDeploymentPostprocessing = 0;
		};
/* End PBXSourcesBuildPhase section */

/* Begin PBXTargetDependency section */
		7569487D1D87426D0070910F /* PBXTargetDependency */ = {
			isa = PBXTargetDependency;
			target = 756948611D87426D0070910F /* Tip Calculator */;
			targetProxy = 7569487C1D87426D0070910F /* PBXContainerItemProxy */;
		};
		756948881D87426D0070910F /* PBXTargetDependency */ = {
			isa = PBXTargetDependency;
			target = 756948611D87426D0070910F /* Tip Calculator */;
			targetProxy = 756948871D87426D0070910F /* PBXContainerItemProxy */;
		};
/* End PBXTargetDependency section */

/* Begin PBXVariantGroup section */
		7569486E1D87426D0070910F /* Main.storyboard */ = {
			isa = PBXVariantGroup;
			children = (
				7569486F1D87426D0070910F /* Base */,
			);
			name = Main.storyboard;
			sourceTree = "<group>";
		};
		756948731D87426D0070910F /* LaunchScreen.storyboard */ = {
			isa = PBXVariantGroup;
			children = (
				756948741D87426D0070910F /* Base */,
			);
			name = LaunchScreen.storyboard;
			sourceTree = "<group>";
		};
/* End PBXVariantGroup section */

/* Begin XCBuildConfiguration section */
		7569488D1D87426D0070910F /* Debug */ = {
			isa = XCBuildConfiguration;
			buildSettings = {
				ALWAYS_SEARCH_USER_PATHS = NO;
				CLANG_ANALYZER_NONNULL = YES;
				CLANG_CXX_LANGUAGE_STANDARD = "gnu++0x";
				CLANG_CXX_LIBRARY = "libc++";
				CLANG_ENABLE_MODULES = YES;
				CLANG_ENABLE_OBJC_ARC = YES;
				CLANG_WARN_BOOL_CONVERSION = YES;
				CLANG_WARN_CONSTANT_CONVERSION = YES;
				CLANG_WARN_DIRECT_OBJC_ISA_USAGE = YES_ERROR;
				CLANG_WARN_EMPTY_BODY = YES;
				CLANG_WARN_ENUM_CONVERSION = YES;
				CLANG_WARN_INT_CONVERSION = YES;
				CLANG_WARN_OBJC_ROOT_CLASS = YES_ERROR;
				CLANG_WARN_UNREACHABLE_CODE = YES;
				CLANG_WARN__DUPLICATE_METHOD_MATCH = YES;
				"CODE_SIGN_IDENTITY[sdk=iphoneos*]" = "iPhone Developer";
				COPY_PHASE_STRIP = NO;
				DEBUG_INFORMATION_FORMAT = dwarf;
				ENABLE_STRICT_OBJC_MSGSEND = YES;
				ENABLE_TESTABILITY = YES;
				GCC_C_LANGUAGE_STANDARD = gnu99;
				GCC_DYNAMIC_NO_PIC = NO;
				GCC_NO_COMMON_BLOCKS = YES;
				GCC_OPTIMIZATION_LEVEL = 0;
				GCC_PREPROCESSOR_DEFINITIONS = (
					"DEBUG=1",
					"$(inherited)",
				);
				GCC_WARN_64_TO_32_BIT_CONVERSION = YES;
				GCC_WARN_ABOUT_RETURN_TYPE = YES_ERROR;
				GCC_WARN_UNDECLARED_SELECTOR = YES;
				GCC_WARN_UNINITIALIZED_AUTOS = YES_AGGRESSIVE;
				GCC_WARN_UNUSED_FUNCTION = YES;
				GCC_WARN_UNUSED_VARIABLE = YES;
				IPHONEOS_DEPLOYMENT_TARGET = 9.3;
				MTL_ENABLE_DEBUG_INFO = YES;
				ONLY_ACTIVE_ARCH = YES;
				SDKROOT = iphoneos;
				TARGETED_DEVICE_FAMILY = "1,2";
			};
			name = Debug;
		};
		7569488E1D87426D0070910F /* Release */ = {
			isa = XCBuildConfiguration;
			buildSettings = {
				ALWAYS_SEARCH_USER_PATHS = NO;
				CLANG_ANALYZER_NONNULL = YES;
				CLANG_CXX_LANGUAGE_STANDARD = "gnu++0x";
				CLANG_CXX_LIBRARY = "libc++";
				CLANG_ENABLE_MODULES = YES;
				CLANG_ENABLE_OBJC_ARC = YES;
				CLANG_WARN_BOOL_CONVERSION = YES;
				CLANG_WARN_CONSTANT_CONVERSION = YES;
				CLANG_WARN_DIRECT_OBJC_ISA_USAGE = YES_ERROR;
				CLANG_WARN_EMPTY_BODY = YES;
				CLANG_WARN_ENUM_CONVERSION = YES;
				CLANG_WARN_INT_CONVERSION = YES;
				CLANG_WARN_OBJC_ROOT_CLASS = YES_ERROR;
				CLANG_WARN_UNREACHABLE_CODE = YES;
				CLANG_WARN__DUPLICATE_METHOD_MATCH = YES;
				"CODE_SIGN_IDENTITY[sdk=iphoneos*]" = "iPhone Developer";
				COPY_PHASE_STRIP = NO;
				DEBUG_INFORMATION_FORMAT = "dwarf-with-dsym";
				ENABLE_NS_ASSERTIONS = NO;
				ENABLE_STRICT_OBJC_MSGSEND = YES;
				GCC_C_LANGUAGE_STANDARD = gnu99;
				GCC_NO_COMMON_BLOCKS = YES;
				GCC_WARN_64_TO_32_BIT_CONVERSION = YES;
				GCC_WARN_ABOUT_RETURN_TYPE = YES_ERROR;
				GCC_WARN_UNDECLARED_SELECTOR = YES;
				GCC_WARN_UNINITIALIZED_AUTOS = YES_AGGRESSIVE;
				GCC_WARN_UNUSED_FUNCTION = YES;
				GCC_WARN_UNUSED_VARIABLE = YES;
				IPHONEOS_DEPLOYMENT_TARGET = 9.3;
				MTL_ENABLE_DEBUG_INFO = NO;
				SDKROOT = iphoneos;
				TARGETED_DEVICE_FAMILY = "1,2";
				VALIDATE_PRODUCT = YES;
			};
			name = Release;
		};
		756948901D87426D0070910F /* Debug */ = {
			isa = XCBuildConfiguration;
			buildSettings = {
				ASSETCATALOG_COMPILER_APPICON_NAME = AppIcon;
				INFOPLIST_FILE = "Tip Calculator/Info.plist";
				LD_RUNPATH_SEARCH_PATHS = "$(inherited) @executable_path/Frameworks";
				PRODUCT_BUNDLE_IDENTIFIER = "test.Tip-Calculator";
				PRODUCT_NAME = "$(TARGET_NAME)";
			};
			name = Debug;
		};
		756948911D87426D0070910F /* Release */ = {
			isa = XCBuildConfiguration;
			buildSettings = {
				ASSETCATALOG_COMPILER_APPICON_NAME = AppIcon;
				INFOPLIST_FILE = "Tip Calculator/Info.plist";
				LD_RUNPATH_SEARCH_PATHS = "$(inherited) @executable_path/Frameworks";
				PRODUCT_BUNDLE_IDENTIFIER = "test.Tip-Calculator";
				PRODUCT_NAME = "$(TARGET_NAME)";
			};
			name = Release;
		};
		756948931D87426D0070910F /* Debug */ = {
			isa = XCBuildConfiguration;
			buildSettings = {
				BUNDLE_LOADER = "$(TEST_HOST)";
				INFOPLIST_FILE = "Tip CalculatorTests/Info.plist";
				LD_RUNPATH_SEARCH_PATHS = "$(inherited) @executable_path/Frameworks @loader_path/Frameworks";
				PRODUCT_BUNDLE_IDENTIFIER = "test.Tip-CalculatorTests";
				PRODUCT_NAME = "$(TARGET_NAME)";
				TEST_HOST = "$(BUILT_PRODUCTS_DIR)/Tip Calculator.app/Tip Calculator";
			};
			name = Debug;
		};
		756948941D87426D0070910F /* Release */ = {
			isa = XCBuildConfiguration;
			buildSettings = {
				BUNDLE_LOADER = "$(TEST_HOST)";
				INFOPLIST_FILE = "Tip CalculatorTests/Info.plist";
				LD_RUNPATH_SEARCH_PATHS = "$(inherited) @executable_path/Frameworks @loader_path/Frameworks";
				PRODUCT_BUNDLE_IDENTIFIER = "test.Tip-CalculatorTests";
				PRODUCT_NAME = "$(TARGET_NAME)";
				TEST_HOST = "$(BUILT_PRODUCTS_DIR)/Tip Calculator.app/Tip Calculator";
			};
			name = Release;
		};
		756948961D87426D0070910F /* Debug */ = {
			isa = XCBuildConfiguration;
			buildSettings = {
				INFOPLIST_FILE = "Tip CalculatorUITests/Info.plist";
				LD_RUNPATH_SEARCH_PATHS = "$(inherited) @executable_path/Frameworks @loader_path/Frameworks";
				PRODUCT_BUNDLE_IDENTIFIER = "test.Tip-CalculatorUITests";
				PRODUCT_NAME = "$(TARGET_NAME)";
				TEST_TARGET_NAME = "Tip Calculator";
			};
			name = Debug;
		};
		756948971D87426D0070910F /* Release */ = {
			isa = XCBuildConfiguration;
			buildSettings = {
				INFOPLIST_FILE = "Tip CalculatorUITests/Info.plist";
				LD_RUNPATH_SEARCH_PATHS = "$(inherited) @executable_path/Frameworks @loader_path/Frameworks";
				PRODUCT_BUNDLE_IDENTIFIER = "test.Tip-CalculatorUITests";
				PRODUCT_NAME = "$(TARGET_NAME)";
				TEST_TARGET_NAME = "Tip Calculator";
			};
			name = Release;
		};
/* End XCBuildConfiguration section */

/* Begin XCConfigurationList section */
		7569485D1D87426D0070910F /* Build configuration list for PBXProject "Tip Calculator" */ = {
			isa = XCConfigurationList;
			buildConfigurations = (
				7569488D1D87426D0070910F /* Debug */,
				7569488E1D87426D0070910F /* Release */,
			);
			defaultConfigurationIsVisible = 0;
			defaultConfigurationName = Release;
		};
		7569488F1D87426D0070910F /* Build configuration list for PBXNativeTarget "Tip Calculator" */ = {
			isa = XCConfigurationList;
			buildConfigurations = (
				756948901D87426D0070910F /* Debug */,
				756948911D87426D0070910F /* Release */,
			);
			defaultConfigurationIsVisible = 0;
		};
		756948921D87426D0070910F /* Build configuration list for PBXNativeTarget "Tip CalculatorTests" */ = {
			isa = XCConfigurationList;
			buildConfigurations = (
				756948931D87426D0070910F /* Debug */,
				756948941D87426D0070910F /* Release */,
			);
			defaultConfigurationIsVisible = 0;
		};
		756948951D87426D0070910F /* Build configuration list for PBXNativeTarget "Tip CalculatorUITests" */ = {
			isa = XCConfigurationList;
			buildConfigurations = (
				756948961D87426D0070910F /* Debug */,
				756948971D87426D0070910F /* Release */,
			);
			defaultConfigurationIsVisible = 0;
		};
/* End XCConfigurationList section */
	};
	rootObject = 7569485A1D87426D0070910F /* Project object */;
}
